
Microsoft Visual Studio Solution File, Format Version 12.00
# Visual Studio 15
VisualStudioVersion = 15.0.27130.2024
MinimumVisualStudioVersion = 10.0.40219.1
Project("{FAE04EC0-301F-11D3-BF4B-00C04F79EFBC}") = "Extender", "Extender\Extender.csproj", "{787A1306-0845-4BD7-9F06-F0DAE0A304CF}"
EndProject
Project("{FAE04EC0-301F-11D3-BF4B-00C04F79EFBC}") = "Switchboard", "Switchboard\Switchboard.csproj", "{D8B369E3-7728-4C71-A62D-E216A110474A}"
EndProject
Project("{FAE04EC0-301F-11D3-BF4B-00C04F79EFBC}") = "Test", "Test\Test.csproj", "{274B826B-B158-4684-B512-F75D16F77D57}"
EndProject
Global
	GlobalSection(SolutionConfigurationPlatforms) = preSolution
		Debug|Any CPU = Debug|Any CPU
		Release|Any CPU = Release|Any CPU
	EndGlobalSection
	GlobalSection(ProjectConfigurationPlatforms) = postSolution
		{787A1306-0845-4BD7-9F06-F0DAE0A304CF}.Debug|Any CPU.ActiveCfg = Debug|Any CPU
		{787A1306-0845-4BD7-9F06-F0DAE0A304CF}.Debug|Any CPU.Build.0 = Debug|Any CPU
		{787A1306-0845-4BD7-9F06-F0DAE0A304CF}.Release|Any CPU.ActiveCfg = Release|Any CPU
		{787A1306-0845-4BD7-9F06-F0DAE0A304CF}.Release|Any CPU.Build.0 = Release|Any CPU
		{D8B369E3-7728-4C71-A62D-E216A110474A}.Debug|Any CPU.ActiveCfg = Debug|Any CPU
		{D8B369E3-7728-4C71-A62D-E216A110474A}.Debug|Any CPU.Build.0 = Debug|Any CPU
		{D8B369E3-7728-4C71-A62D-E216A110474A}.Release|Any CPU.ActiveCfg = Release|Any CPU
		{D8B369E3-7728-4C71-A62D-E216A110474A}.Release|Any CPU.Build.0 = Release|Any CPU
		{274B826B-B158-4684-B512-F75D16F77D57}.Debug|Any CPU.ActiveCfg = Debug|Any CPU
		{274B826B-B158-4684-B512-F75D16F77D57}.Debug|Any CPU.Build.0 = Debug|Any CPU
		{274B826B-B158-4684-B512-F75D16F77D57}.Release|Any CPU.ActiveCfg = Release|Any CPU
		{274B826B-B158-4684-B512-F75D16F77D57}.Release|Any CPU.Build.0 = Release|Any CPU
	EndGlobalSection
	GlobalSection(SolutionProperties) = preSolution
		HideSolutionNode = FALSE
	EndGlobalSection
	GlobalSection(ExtensibilityGlobals) = postSolution
		SolutionGuid = {B200D4C0-F501-4A3D-A77D-4BD1ED7B8402}
	EndGlobalSection
EndGlobal
