<?xml version="1.0" encoding="utf-8"?>
<Project ToolsVersion="4.0" xmlns="http://schemas.microsoft.com/developer/msbuild/2003">
  <ItemGroup>
    <Filter Include="Domestic">
      <UniqueIdentifier>{58a3b4cd-5c42-4397-83f2-b72bc0d9ed8c}</UniqueIdentifier>
    </Filter>
    <Filter Include="International">
      <UniqueIdentifier>{b2e34e4c-ab2b-403d-9e91-89e2b27ebe6d}</UniqueIdentifier>
    </Filter>
  </ItemGroup>
  <ItemGroup>
    <ClCompile Include="Domestic\AmountDataFixed.cpp">
      <Filter>Domestic</Filter>
    </ClCompile>
    <ClCompile Include="Domestic\CheckCodeDataFixed.cpp">
      <Filter>Domestic</Filter>
    </ClCompile>
    <ClCompile Include="Domestic\DateDataFixed.cpp">
      <Filter>Domestic</Filter>
    </ClCompile>
    <ClCompile Include="Domestic\NumberDataFixed.cpp">
      <Filter>Domestic</Filter>
    </ClCompile>
    <ClCompile Include="International\AmountDataFixed.cpp">
      <Filter>International</Filter>
    </ClCompile>
    <ClCompile Include="DataFixed.cpp" />
    <ClCompile Include="Double.cpp" />
    <ClCompile Include="FixedReceiptData.cpp" />
  </ItemGroup>
  <ItemGroup>
    <ClInclude Include="Domestic\AmountDataFixed.h">
      <Filter>Domestic</Filter>
    </ClInclude>
    <ClInclude Include="Domestic\CheckCodeDataFixed.h">
      <Filter>Domestic</Filter>
    </ClInclude>
    <ClInclude Include="Domestic\DateDataFixed.h">
      <Filter>Domestic</Filter>
    </ClInclude>
    <ClInclude Include="Domestic\NumberDataFixed.h">
      <Filter>Domestic</Filter>
    </ClInclude>
    <ClInclude Include="International\AmountDataFixed.h">
      <Filter>International</Filter>
    </ClInclude>
    <ClInclude Include="DataFixed.h" />
    <ClInclude Include="Double.h" />
    <ClInclude Include="Utils.h" />
  </ItemGroup>
</Project>