<?xml version="1.0" encoding="utf-8"?>
<Project ToolsVersion="4.0" xmlns="http://schemas.microsoft.com/developer/msbuild/2003">
  <ItemGroup>
    <ClCompile Include="AmountDataFixed.cpp" />
    <ClCompile Include="FixedReceiptData.cpp" />
    <ClCompile Include="DateDataFixed.cpp" />
    <ClCompile Include="NumberDataFixed.cpp" />
    <ClCompile Include="DataFixed.cpp" />
    <ClCompile Include="CheckCodeDataFixed.cpp" />
  </ItemGroup>
  <ItemGroup>
    <ClInclude Include="AmountDataFixed.h" />
    <ClInclude Include="Utils.h" />
    <ClInclude Include="DateDataFixed.h" />
    <ClInclude Include="NumberDataFixed.h" />
    <ClInclude Include="DataFixed.h" />
    <ClInclude Include="CheckCodeDataFixed.h" />
  </ItemGroup>
</Project>